# This file is autogenerated, do not edit; changes may be undone by the next 'dep ensure'.


[[projects]]
  name = "github.com/caarlos0/env"
  packages = ["."]
  revision = "1cddc31c48c56ecd700d873edb9fd5b6f5df922a"
  version = "v3.3.0"

[[projects]]
  branch = "master"
  name = "github.com/lib/pq"
  packages = [
    ".",
    "oid"
  ]
  revision = "90697d60dd844d5ef6ff15135d0203f65d2f53b8"

[[projects]]
  name = "github.com/pressly/goose"
  packages = ["."]
  revision = "95600eb369b1f657efd54a401ab85d0647a1db80"
  version = "v2.3.0"

[solve-meta]
  analyzer-name = "dep"
  analyzer-version = 1
  inputs-digest = "46d5f7fd0eb327eeb40ea7b9bfe68c5318e8eefc170155dc49d30c8c46adea22"
  solver-name = "gps-cdcl"
  solver-version = 1
